// !$*UTF8*$!
{
	archiveVersion = 1;
	classes = {
	};
	objectVersion = 46;
	objects = {

/* Begin PBXBuildFile section */
		EEF9F5E0196D761300ED7F9A /* main.m in Sources */ = {isa = PBXBuildFile; fileRef = EEF9F5DF196D761300ED7F9A /* main.m */; };
		EEF9F5E3196D761300ED7F9A /* AppDelegate.m in Sources */ = {isa = PBXBuildFile; fileRef = EEF9F5E2196D761300ED7F9A /* AppDelegate.m */; };
		EEF9F5E5196D761300ED7F9A /* Images.xcassets in Resources */ = {isa = PBXBuildFile; fileRef = EEF9F5E4196D761300ED7F9A /* Images.xcassets */; };
		EEF9F5F1196D761300ED7F9A /* XiaoHuaAppTests.m in Sources */ = {isa = PBXBuildFile; fileRef = EEF9F5F0196D761300ED7F9A /* XiaoHuaAppTests.m */; };
/* End PBXBuildFile section */

/* Begin PBXContainerItemProxy section */
		EEF9F5EB196D761300ED7F9A /* PBXContainerItemProxy */ = {
			isa = PBXContainerItemProxy;
			containerPortal = EEF9F5D2196D761300ED7F9A /* Project object */;
			proxyType = 1;
			remoteGlobalIDString = EEF9F5D9196D761300ED7F9A;
			remoteInfo = XiaoHuaApp;
		};
/* End PBXContainerItemProxy section */

/* Begin PBXFileReference section */
		EEF9F5DA196D761300ED7F9A /* XiaoHuaApp.app */ = {isa = PBXFileReference; explicitFileType = wrapper.application; includeInIndex = 0; path = XiaoHuaApp.app; sourceTree = BUILT_PRODUCTS_DIR; };
		EEF9F5DE196D761300ED7F9A /* Info.plist */ = {isa = PBXFileReference; lastKnownFileType = text.plist.xml; path = Info.plist; sourceTree = "<group>"; };
		EEF9F5DF196D761300ED7F9A /* main.m */ = {isa = PBXFileReference; lastKnownFileType = sourcecode.c.objc; path = main.m; sourceTree = "<group>"; };
		EEF9F5E1196D761300ED7F9A /* AppDelegate.h */ = {isa = PBXFileReference; lastKnownFileType = sourcecode.c.h; path = AppDelegate.h; sourceTree = "<group>"; };
		EEF9F5E2196D761300ED7F9A /* AppDelegate.m */ = {isa = PBXFileReference; lastKnownFileType = sourcecode.c.objc; path = AppDelegate.m; sourceTree = "<group>"; };
		EEF9F5E4196D761300ED7F9A /* Images.xcassets */ = {isa = PBXFileReference; lastKnownFileType = folder.assetcatalog; path = Images.xcassets; sourceTree = "<group>"; };
		EEF9F5EA196D761300ED7F9A /* XiaoHuaAppTests.xctest */ = {isa = PBXFileReference; explicitFileType = wrapper.cfbundle; includeInIndex = 0; path = XiaoHuaAppTests.xctest; sourceTree = BUILT_PRODUCTS_DIR; };
		EEF9F5EF196D761300ED7F9A /* Info.plist */ = {isa = PBXFileReference; lastKnownFileType = text.plist.xml; path = Info.plist; sourceTree = "<group>"; };
		EEF9F5F0196D761300ED7F9A /* XiaoHuaAppTests.m */ = {isa = PBXFileReference; lastKnownFileType = sourcecode.c.objc; path = XiaoHuaAppTests.m; sourceTree = "<group>"; };
/* End PBXFileReference section */

/* Begin PBXFrameworksBuildPhase section */
		EEF9F5D7196D761300ED7F9A /* Frameworks */ = {
			isa = PBXFrameworksBuildPhase;
			buildActionMask = 2147483647;
			files = (
			);
			runOnlyForDeploymentPostprocessing = 0;
		};
		EEF9F5E7196D761300ED7F9A /* Frameworks */ = {
			isa = PBXFrameworksBuildPhase;
			buildActionMask = 2147483647;
			files = (
			);
			runOnlyForDeploymentPostprocessing = 0;
		};
/* End PBXFrameworksBuildPhase section */

/* Begin PBXGroup section */
		EEF9F5D1196D761300ED7F9A = {
			isa = PBXGroup;
			children = (
				EEF9F5DC196D761300ED7F9A /* XiaoHuaApp */,
				EEF9F5ED196D761300ED7F9A /* XiaoHuaAppTests */,
				EEF9F5DB196D761300ED7F9A /* Products */,
			);
			sourceTree = "<group>";
		};
		EEF9F5DB196D761300ED7F9A /* Products */ = {
			isa = PBXGroup;
			children = (
				EEF9F5DA196D761300ED7F9A /* XiaoHuaApp.app */,
				EEF9F5EA196D761300ED7F9A /* XiaoHuaAppTests.xctest */,
			);
			name = Products;
			sourceTree = "<group>";
		};
		EEF9F5DC196D761300ED7F9A /* XiaoHuaApp */ = {
			isa = PBXGroup;
			children = (
				EEF9F5E1196D761300ED7F9A /* AppDelegate.h */,
				EEF9F5E2196D761300ED7F9A /* AppDelegate.m */,
				EEF9F5E4196D761300ED7F9A /* Images.xcassets */,
				EEF9F5DD196D761300ED7F9A /* Supporting Files */,
			);
			path = XiaoHuaApp;
			sourceTree = "<group>";
		};
		EEF9F5DD196D761300ED7F9A /* Supporting Files */ = {
			isa = PBXGroup;
			children = (
				EEF9F5DE196D761300ED7F9A /* Info.plist */,
				EEF9F5DF196D761300ED7F9A /* main.m */,
			);
			name = "Supporting Files";
			sourceTree = "<group>";
		};
		EEF9F5ED196D761300ED7F9A /* XiaoHuaAppTests */ = {
			isa = PBXGroup;
			children = (
				EEF9F5F0196D761300ED7F9A /* XiaoHuaAppTests.m */,
				EEF9F5EE196D761300ED7F9A /* Supporting Files */,
			);
			path = XiaoHuaAppTests;
			sourceTree = "<group>";
		};
		EEF9F5EE196D761300ED7F9A /* Supporting Files */ = {
			isa = PBXGroup;
			children = (
				EEF9F5EF196D761300ED7F9A /* Info.plist */,
			);
			name = "Supporting Files";
			sourceTree = "<group>";
		};
/* End PBXGroup section */

/* Begin PBXNativeTarget section */
		EEF9F5D9196D761300ED7F9A /* XiaoHuaApp */ = {
			isa = PBXNativeTarget;
			buildConfigurationList = EEF9F5F4196D761300ED7F9A /* Build configuration list for PBXNativeTarget "XiaoHuaApp" */;
			buildPhases = (
				EEF9F5D6196D761300ED7F9A /* Sources */,
				EEF9F5D7196D761300ED7F9A /* Frameworks */,
				EEF9F5D8196D761300ED7F9A /* Resources */,
			);
			buildRules = (
			);
			dependencies = (
			);
			name = XiaoHuaApp;
			productName = XiaoHuaApp;
			productReference = EEF9F5DA196D761300ED7F9A /* XiaoHuaApp.app */;
			productType = "com.apple.product-type.application";
		};
		EEF9F5E9196D761300ED7F9A /* XiaoHuaAppTests */ = {
			isa = PBXNativeTarget;
			buildConfigurationList = EEF9F5F7196D761300ED7F9A /* Build configuration list for PBXNativeTarget "XiaoHuaAppTests" */;
			buildPhases = (
				EEF9F5E6196D761300ED7F9A /* Sources */,
				EEF9F5E7196D761300ED7F9A /* Frameworks */,
				EEF9F5E8196D761300ED7F9A /* Resources */,
			);
			buildRules = (
			);
			dependencies = (
				EEF9F5EC196D761300ED7F9A /* PBXTargetDependency */,
			);
			name = XiaoHuaAppTests;
			productName = XiaoHuaAppTests;
			productReference = EEF9F5EA196D761300ED7F9A /* XiaoHuaAppTests.xctest */;
			productType = "com.apple.product-type.bundle.unit-test";
		};
/* End PBXNativeTarget section */

/* Begin PBXProject section */
		EEF9F5D2196D761300ED7F9A /* Project object */ = {
			isa = PBXProject;
			attributes = {
				LastUpgradeCheck = 0600;
				ORGANIZATIONNAME = GYT.co;
				TargetAttributes = {
					EEF9F5D9196D761300ED7F9A = {
						CreatedOnToolsVersion = 6.0;
					};
					EEF9F5E9196D761300ED7F9A = {
						CreatedOnToolsVersion = 6.0;
						TestTargetID = EEF9F5D9196D761300ED7F9A;
					};
				};
			};
			buildConfigurationList = EEF9F5D5196D761300ED7F9A /* Build configuration list for PBXProject "XiaoHuaApp" */;
			compatibilityVersion = "Xcode 3.2";
			developmentRegion = English;
			hasScannedForEncodings = 0;
			knownRegions = (
				en,
			);
			mainGroup = EEF9F5D1196D761300ED7F9A;
			productRefGroup = EEF9F5DB196D761300ED7F9A /* Products */;
			projectDirPath = "";
			projectRoot = "";
			targets = (
				EEF9F5D9196D761300ED7F9A /* XiaoHuaApp */,
				EEF9F5E9196D761300ED7F9A /* XiaoHuaAppTests */,
			);
		};
/* End PBXProject section */

/* Begin PBXResourcesBuildPhase section */
		EEF9F5D8196D761300ED7F9A /* Resources */ = {
			isa = PBXResourcesBuildPhase;
			buildActionMask = 2147483647;
			files = (
				EEF9F5E5196D761300ED7F9A /* Images.xcassets in Resources */,
			);
			runOnlyForDeploymentPostprocessing = 0;
		};
		EEF9F5E8196D761300ED7F9A /* Resources */ = {
			isa = PBXResourcesBuildPhase;
			buildActionMask = 2147483647;
			files = (
			);
			runOnlyForDeploymentPostprocessing = 0;
		};
/* End PBXResourcesBuildPhase section */

/* Begin PBXSourcesBuildPhase section */
		EEF9F5D6196D761300ED7F9A /* Sources */ = {
			isa = PBXSourcesBuildPhase;
			buildActionMask = 2147483647;
			files = (
				EEF9F5E3196D761300ED7F9A /* AppDelegate.m in Sources */,
				EEF9F5E0196D761300ED7F9A /* main.m in Sources */,
			);
			runOnlyForDeploymentPostprocessing = 0;
		};
		EEF9F5E6196D761300ED7F9A /* Sources */ = {
			isa = PBXSourcesBuildPhase;
			buildActionMask = 2147483647;
			files = (
				EEF9F5F1196D761300ED7F9A /* XiaoHuaAppTests.m in Sources */,
			);
			runOnlyForDeploymentPostprocessing = 0;
		};
/* End PBXSourcesBuildPhase section */

/* Begin PBXTargetDependency section */
		EEF9F5EC196D761300ED7F9A /* PBXTargetDependency */ = {
			isa = PBXTargetDependency;
			target = EEF9F5D9196D761300ED7F9A /* XiaoHuaApp */;
			targetProxy = EEF9F5EB196D761300ED7F9A /* PBXContainerItemProxy */;
		};
/* End PBXTargetDependency section */

/* Begin XCBuildConfiguration section */
		EEF9F5F2196D761300ED7F9A /* Debug */ = {
			isa = XCBuildConfiguration;
			buildSettings = {
				ALWAYS_SEARCH_USER_PATHS = NO;
				CLANG_CXX_LANGUAGE_STANDARD = "gnu++0x";
				CLANG_CXX_LIBRARY = "libc++";
				CLANG_ENABLE_MODULES = YES;
				CLANG_ENABLE_OBJC_ARC = YES;
				CLANG_WARN_BOOL_CONVERSION = YES;
				CLANG_WARN_CONSTANT_CONVERSION = YES;
				CLANG_WARN_DIRECT_OBJC_ISA_USAGE = YES_ERROR;
				CLANG_WARN_EMPTY_BODY = YES;
				CLANG_WARN_ENUM_CONVERSION = YES;
				CLANG_WARN_INT_CONVERSION = YES;
				CLANG_WARN_OBJC_ROOT_CLASS = YES_ERROR;
				CLANG_WARN_UNREACHABLE_CODE = YES;
				CLANG_WARN__DUPLICATE_METHOD_MATCH = YES;
				"CODE_SIGN_IDENTITY[sdk=iphoneos*]" = "iPhone Developer";
				COPY_PHASE_STRIP = NO;
				ENABLE_STRICT_OBJC_MSGSEND = YES;
				GCC_C_LANGUAGE_STANDARD = gnu99;
				GCC_DYNAMIC_NO_PIC = NO;
				GCC_OPTIMIZATION_LEVEL = 0;
				GCC_PREPROCESSOR_DEFINITIONS = (
					"DEBUG=1",
					"$(inherited)",
				);
				GCC_SYMBOLS_PRIVATE_EXTERN = NO;
				GCC_WARN_64_TO_32_BIT_CONVERSION = YES;
				GCC_WARN_ABOUT_RETURN_TYPE = YES_ERROR;
				GCC_WARN_UNDECLARED_SELECTOR = YES;
				GCC_WARN_UNINITIALIZED_AUTOS = YES_AGGRESSIVE;
				GCC_WARN_UNUSED_FUNCTION = YES;
				GCC_WARN_UNUSED_VARIABLE = YES;
				IPHONEOS_DEPLOYMENT_TARGET = 8.0;
				METAL_ENABLE_DEBUG_INFO = YES;
				ONLY_ACTIVE_ARCH = YES;
				SDKROOT = iphoneos;
			};
			name = Debug;
		};
		EEF9F5F3196D761300ED7F9A /* Release */ = {
			isa = XCBuildConfiguration;
			buildSettings = {
				ALWAYS_SEARCH_USER_PATHS = NO;
				CLANG_CXX_LANGUAGE_STANDARD = "gnu++0x";
				CLANG_CXX_LIBRARY = "libc++";
				CLANG_ENABLE_MODULES = YES;
				CLANG_ENABLE_OBJC_ARC = YES;
				CLANG_WARN_BOOL_CONVERSION = YES;
				CLANG_WARN_CONSTANT_CONVERSION = YES;
				CLANG_WARN_DIRECT_OBJC_ISA_USAGE = YES_ERROR;
				CLANG_WARN_EMPTY_BODY = YES;
				CLANG_WARN_ENUM_CONVERSION = YES;
				CLANG_WARN_INT_CONVERSION = YES;
				CLANG_WARN_OBJC_ROOT_CLASS = YES_ERROR;
				CLANG_WARN_UNREACHABLE_CODE = YES;
				CLANG_WARN__DUPLICATE_METHOD_MATCH = YES;
				"CODE_SIGN_IDENTITY[sdk=iphoneos*]" = "iPhone Developer";
				COPY_PHASE_STRIP = YES;
				ENABLE_NS_ASSERTIONS = NO;
				ENABLE_STRICT_OBJC_MSGSEND = YES;
				GCC_C_LANGUAGE_STANDARD = gnu99;
				GCC_WARN_64_TO_32_BIT_CONVERSION = YES;
				GCC_WARN_ABOUT_RETURN_TYPE = YES_ERROR;
				GCC_WARN_UNDECLARED_SELECTOR = YES;
				GCC_WARN_UNINITIALIZED_AUTOS = YES_AGGRESSIVE;
				GCC_WARN_UNUSED_FUNCTION = YES;
				GCC_WARN_UNUSED_VARIABLE = YES;
				IPHONEOS_DEPLOYMENT_TARGET = 8.0;
				METAL_ENABLE_DEBUG_INFO = NO;
				SDKROOT = iphoneos;
				VALIDATE_PRODUCT = YES;
			};
			name = Release;
		};
		EEF9F5F5196D761300ED7F9A /* Debug */ = {
			isa = XCBuildConfiguration;
			buildSettings = {
				ASSETCATALOG_COMPILER_APPICON_NAME = AppIcon;
				ASSETCATALOG_COMPILER_LAUNCHIMAGE_NAME = LaunchImage;
				INFOPLIST_FILE = XiaoHuaApp/Info.plist;
				LD_RUNPATH_SEARCH_PATHS = "$(inherited) @executable_path/Frameworks";
				PRODUCT_NAME = "$(TARGET_NAME)";
			};
			name = Debug;
		};
		EEF9F5F6196D761300ED7F9A /* Release */ = {
			isa = XCBuildConfiguration;
			buildSettings = {
				ASSETCATALOG_COMPILER_APPICON_NAME = AppIcon;
				ASSETCATALOG_COMPILER_LAUNCHIMAGE_NAME = LaunchImage;
				INFOPLIST_FILE = XiaoHuaApp/Info.plist;
				LD_RUNPATH_SEARCH_PATHS = "$(inherited) @executable_path/Frameworks";
				PRODUCT_NAME = "$(TARGET_NAME)";
			};
			name = Release;
		};
		EEF9F5F8196D761300ED7F9A /* Debug */ = {
			isa = XCBuildConfiguration;
			buildSettings = {
				BUNDLE_LOADER = "$(BUILT_PRODUCTS_DIR)/XiaoHuaApp.app/XiaoHuaApp";
				FRAMEWORK_SEARCH_PATHS = (
					"$(SDKROOT)/Developer/Library/Frameworks",
					"$(inherited)",
				);
				GCC_PREPROCESSOR_DEFINITIONS = (
					"DEBUG=1",
					"$(inherited)",
				);
				INFOPLIST_FILE = XiaoHuaAppTests/Info.plist;
				LD_RUNPATH_SEARCH_PATHS = "$(inherited) @executable_path/Frameworks @loader_path/Frameworks";
				METAL_ENABLE_DEBUG_INFO = YES;
				PRODUCT_NAME = "$(TARGET_NAME)";
				TEST_HOST = "$(BUNDLE_LOADER)";
			};
			name = Debug;
		};
		EEF9F5F9196D761300ED7F9A /* Release */ = {
			isa = XCBuildConfiguration;
			buildSettings = {
				BUNDLE_LOADER = "$(BUILT_PRODUCTS_DIR)/XiaoHuaApp.app/XiaoHuaApp";
				FRAMEWORK_SEARCH_PATHS = (
					"$(SDKROOT)/Developer/Library/Frameworks",
					"$(inherited)",
				);
				INFOPLIST_FILE = XiaoHuaAppTests/Info.plist;
				LD_RUNPATH_SEARCH_PATHS = "$(inherited) @executable_path/Frameworks @loader_path/Frameworks";
				METAL_ENABLE_DEBUG_INFO = NO;
				PRODUCT_NAME = "$(TARGET_NAME)";
				TEST_HOST = "$(BUNDLE_LOADER)";
			};
			name = Release;
		};
/* End XCBuildConfiguration section */

/* Begin XCConfigurationList section */
		EEF9F5D5196D761300ED7F9A /* Build configuration list for PBXProject "XiaoHuaApp" */ = {
			isa = XCConfigurationList;
			buildConfigurations = (
				EEF9F5F2196D761300ED7F9A /* Debug */,
				EEF9F5F3196D761300ED7F9A /* Release */,
			);
			defaultConfigurationIsVisible = 0;
			defaultConfigurationName = Release;
		};
		EEF9F5F4196D761300ED7F9A /* Build configuration list for PBXNativeTarget "XiaoHuaApp" */ = {
			isa = XCConfigurationList;
			buildConfigurations = (
				EEF9F5F5196D761300ED7F9A /* Debug */,
				EEF9F5F6196D761300ED7F9A /* Release */,
			);
			defaultConfigurationIsVisible = 0;
		};
		EEF9F5F7196D761300ED7F9A /* Build configuration list for PBXNativeTarget "XiaoHuaAppTests" */ = {
			isa = XCConfigurationList;
			buildConfigurations = (
				EEF9F5F8196D761300ED7F9A /* Debug */,
				EEF9F5F9196D761300ED7F9A /* Release */,
			);
			defaultConfigurationIsVisible = 0;
		};
/* End XCConfigurationList section */
	};
	rootObject = EEF9F5D2196D761300ED7F9A /* Project object */;
}
